
Microsoft Visual Studio Solution File, Format Version 12.00
# Visual Studio Version 16
VisualStudioVersion = 16.0.30413.136
MinimumVisualStudioVersion = 10.0.40219.1
Project("{FAE04EC0-301F-11D3-BF4B-00C04F79EFBC}") = "Console", "AdventOfCode2020\Console.csproj", "{9D722EA4-9172-43CC-BC64-B9E61C51075B}"
EndProject
Project("{FAE04EC0-301F-11D3-BF4B-00C04F79EFBC}") = "Tests", "Tests\Tests.csproj", "{E43780B0-218F-40F4-A018-BC82F57296CC}"
EndProject
Project("{FAE04EC0-301F-11D3-BF4B-00C04F79EFBC}") = "Days", "libs\Days.csproj", "{48A44B9B-CB87-48C9-8397-1CCC2D74669D}"
EndProject
Global
	GlobalSection(SolutionConfigurationPlatforms) = preSolution
		Debug|Any CPU = Debug|Any CPU
		Release|Any CPU = Release|Any CPU
	EndGlobalSection
	GlobalSection(ProjectConfigurationPlatforms) = postSolution
		{9D722EA4-9172-43CC-BC64-B9E61C51075B}.Debug|Any CPU.ActiveCfg = Debug|Any CPU
		{9D722EA4-9172-43CC-BC64-B9E61C51075B}.Debug|Any CPU.Build.0 = Debug|Any CPU
		{9D722EA4-9172-43CC-BC64-B9E61C51075B}.Release|Any CPU.ActiveCfg = Release|Any CPU
		{9D722EA4-9172-43CC-BC64-B9E61C51075B}.Release|Any CPU.Build.0 = Release|Any CPU
		{E43780B0-218F-40F4-A018-BC82F57296CC}.Debug|Any CPU.ActiveCfg = Debug|Any CPU
		{E43780B0-218F-40F4-A018-BC82F57296CC}.Debug|Any CPU.Build.0 = Debug|Any CPU
		{E43780B0-218F-40F4-A018-BC82F57296CC}.Release|Any CPU.ActiveCfg = Release|Any CPU
		{E43780B0-218F-40F4-A018-BC82F57296CC}.Release|Any CPU.Build.0 = Release|Any CPU
		{48A44B9B-CB87-48C9-8397-1CCC2D74669D}.Debug|Any CPU.ActiveCfg = Debug|Any CPU
		{48A44B9B-CB87-48C9-8397-1CCC2D74669D}.Debug|Any CPU.Build.0 = Debug|Any CPU
		{48A44B9B-CB87-48C9-8397-1CCC2D74669D}.Release|Any CPU.ActiveCfg = Release|Any CPU
		{48A44B9B-CB87-48C9-8397-1CCC2D74669D}.Release|Any CPU.Build.0 = Release|Any CPU
	EndGlobalSection
	GlobalSection(SolutionProperties) = preSolution
		HideSolutionNode = FALSE
	EndGlobalSection
	GlobalSection(ExtensibilityGlobals) = postSolution
		SolutionGuid = {1794F475-0632-474A-B38A-3CEB431B9420}
	EndGlobalSection
EndGlobal
